// !$*UTF8*$!
{
	archiveVersion = 1;
	classes = {
	};
	objectVersion = 50;
	objects = {

/* Begin PBXBuildFile section */
		28A38D5122401A62004F6506 /* AppDelegate.swift in Sources */ = {isa = PBXBuildFile; fileRef = 28A38D5022401A62004F6506 /* AppDelegate.swift */; };
		28A38D5922401A62004F6506 /* DisneyPinCommunity.xcdatamodeld in Sources */ = {isa = PBXBuildFile; fileRef = 28A38D5722401A62004F6506 /* DisneyPinCommunity.xcdatamodeld */; };
		28A38D5B22401A64004F6506 /* Assets.xcassets in Resources */ = {isa = PBXBuildFile; fileRef = 28A38D5A22401A64004F6506 /* Assets.xcassets */; };
		28A38D5E22401A64004F6506 /* LaunchScreen.storyboard in Resources */ = {isa = PBXBuildFile; fileRef = 28A38D5C22401A64004F6506 /* LaunchScreen.storyboard */; };
		28A38D6922401A64004F6506 /* DisneyPinCommunityTests.swift in Sources */ = {isa = PBXBuildFile; fileRef = 28A38D6822401A64004F6506 /* DisneyPinCommunityTests.swift */; };
		28A38D7422401A64004F6506 /* DisneyPinCommunityUITests.swift in Sources */ = {isa = PBXBuildFile; fileRef = 28A38D7322401A64004F6506 /* DisneyPinCommunityUITests.swift */; };
		28A38D8222402C94004F6506 /* UIViewControllerExtensions.swift in Sources */ = {isa = PBXBuildFile; fileRef = 28A38D8122402C94004F6506 /* UIViewControllerExtensions.swift */; };
		28A38D8722402EA1004F6506 /* HomeViewController.swift in Sources */ = {isa = PBXBuildFile; fileRef = 28A38D8522402EA1004F6506 /* HomeViewController.swift */; };
		28A38D8822402EA1004F6506 /* HomeViewController.xib in Resources */ = {isa = PBXBuildFile; fileRef = 28A38D8622402EA1004F6506 /* HomeViewController.xib */; };
/* End PBXBuildFile section */

/* Begin PBXContainerItemProxy section */
		28A38D6522401A64004F6506 /* PBXContainerItemProxy */ = {
			isa = PBXContainerItemProxy;
			containerPortal = 28A38D4522401A62004F6506 /* Project object */;
			proxyType = 1;
			remoteGlobalIDString = 28A38D4C22401A62004F6506;
			remoteInfo = DisneyPinCommunity;
		};
		28A38D7022401A64004F6506 /* PBXContainerItemProxy */ = {
			isa = PBXContainerItemProxy;
			containerPortal = 28A38D4522401A62004F6506 /* Project object */;
			proxyType = 1;
			remoteGlobalIDString = 28A38D4C22401A62004F6506;
			remoteInfo = DisneyPinCommunity;
		};
/* End PBXContainerItemProxy section */

/* Begin PBXFileReference section */
		28A38D4D22401A62004F6506 /* DisneyPinCommunity.app */ = {isa = PBXFileReference; explicitFileType = wrapper.application; includeInIndex = 0; path = DisneyPinCommunity.app; sourceTree = BUILT_PRODUCTS_DIR; };
		28A38D5022401A62004F6506 /* AppDelegate.swift */ = {isa = PBXFileReference; lastKnownFileType = sourcecode.swift; path = AppDelegate.swift; sourceTree = "<group>"; };
		28A38D5822401A62004F6506 /* DisneyPinCommunity.xcdatamodel */ = {isa = PBXFileReference; lastKnownFileType = wrapper.xcdatamodel; path = DisneyPinCommunity.xcdatamodel; sourceTree = "<group>"; };
		28A38D5A22401A64004F6506 /* Assets.xcassets */ = {isa = PBXFileReference; lastKnownFileType = folder.assetcatalog; path = Assets.xcassets; sourceTree = "<group>"; };
		28A38D5D22401A64004F6506 /* Base */ = {isa = PBXFileReference; lastKnownFileType = file.storyboard; name = Base; path = Base.lproj/LaunchScreen.storyboard; sourceTree = "<group>"; };
		28A38D5F22401A64004F6506 /* Info.plist */ = {isa = PBXFileReference; lastKnownFileType = text.plist.xml; path = Info.plist; sourceTree = "<group>"; };
		28A38D6422401A64004F6506 /* DisneyPinCommunityTests.xctest */ = {isa = PBXFileReference; explicitFileType = wrapper.cfbundle; includeInIndex = 0; path = DisneyPinCommunityTests.xctest; sourceTree = BUILT_PRODUCTS_DIR; };
		28A38D6822401A64004F6506 /* DisneyPinCommunityTests.swift */ = {isa = PBXFileReference; lastKnownFileType = sourcecode.swift; path = DisneyPinCommunityTests.swift; sourceTree = "<group>"; };
		28A38D6A22401A64004F6506 /* Info.plist */ = {isa = PBXFileReference; lastKnownFileType = text.plist.xml; path = Info.plist; sourceTree = "<group>"; };
		28A38D6F22401A64004F6506 /* DisneyPinCommunityUITests.xctest */ = {isa = PBXFileReference; explicitFileType = wrapper.cfbundle; includeInIndex = 0; path = DisneyPinCommunityUITests.xctest; sourceTree = BUILT_PRODUCTS_DIR; };
		28A38D7322401A64004F6506 /* DisneyPinCommunityUITests.swift */ = {isa = PBXFileReference; lastKnownFileType = sourcecode.swift; path = DisneyPinCommunityUITests.swift; sourceTree = "<group>"; };
		28A38D7522401A64004F6506 /* Info.plist */ = {isa = PBXFileReference; lastKnownFileType = text.plist.xml; path = Info.plist; sourceTree = "<group>"; };
		28A38D8122402C94004F6506 /* UIViewControllerExtensions.swift */ = {isa = PBXFileReference; lastKnownFileType = sourcecode.swift; path = UIViewControllerExtensions.swift; sourceTree = "<group>"; };
		28A38D8522402EA1004F6506 /* HomeViewController.swift */ = {isa = PBXFileReference; lastKnownFileType = sourcecode.swift; path = HomeViewController.swift; sourceTree = "<group>"; };
		28A38D8622402EA1004F6506 /* HomeViewController.xib */ = {isa = PBXFileReference; lastKnownFileType = file.xib; path = HomeViewController.xib; sourceTree = "<group>"; };
/* End PBXFileReference section */

/* Begin PBXFrameworksBuildPhase section */
		28A38D4A22401A62004F6506 /* Frameworks */ = {
			isa = PBXFrameworksBuildPhase;
			buildActionMask = 2147483647;
			files = (
			);
			runOnlyForDeploymentPostprocessing = 0;
		};
		28A38D6122401A64004F6506 /* Frameworks */ = {
			isa = PBXFrameworksBuildPhase;
			buildActionMask = 2147483647;
			files = (
			);
			runOnlyForDeploymentPostprocessing = 0;
		};
		28A38D6C22401A64004F6506 /* Frameworks */ = {
			isa = PBXFrameworksBuildPhase;
			buildActionMask = 2147483647;
			files = (
			);
			runOnlyForDeploymentPostprocessing = 0;
		};
/* End PBXFrameworksBuildPhase section */

/* Begin PBXGroup section */
		28A38D4422401A62004F6506 = {
			isa = PBXGroup;
			children = (
				28A38D4F22401A62004F6506 /* DisneyPinCommunity */,
				28A38D6722401A64004F6506 /* DisneyPinCommunityTests */,
				28A38D7222401A64004F6506 /* DisneyPinCommunityUITests */,
				28A38D4E22401A62004F6506 /* Products */,
			);
			sourceTree = "<group>";
		};
		28A38D4E22401A62004F6506 /* Products */ = {
			isa = PBXGroup;
			children = (
				28A38D4D22401A62004F6506 /* DisneyPinCommunity.app */,
				28A38D6422401A64004F6506 /* DisneyPinCommunityTests.xctest */,
				28A38D6F22401A64004F6506 /* DisneyPinCommunityUITests.xctest */,
			);
			name = Products;
			sourceTree = "<group>";
		};
		28A38D4F22401A62004F6506 /* DisneyPinCommunity */ = {
			isa = PBXGroup;
			children = (
				28A38D5022401A62004F6506 /* AppDelegate.swift */,
				28A38D8922402EF3004F6506 /* Extensions */,
				28A38D8A22402F03004F6506 /* Model */,
				28A38D8B22402F07004F6506 /* View */,
				28A38D8C22402F11004F6506 /* Controller */,
				28A38D5A22401A64004F6506 /* Assets.xcassets */,
				28A38D5C22401A64004F6506 /* LaunchScreen.storyboard */,
				28A38D5F22401A64004F6506 /* Info.plist */,
				28A38D5722401A62004F6506 /* DisneyPinCommunity.xcdatamodeld */,
			);
			path = DisneyPinCommunity;
			sourceTree = "<group>";
		};
		28A38D6722401A64004F6506 /* DisneyPinCommunityTests */ = {
			isa = PBXGroup;
			children = (
				28A38D6822401A64004F6506 /* DisneyPinCommunityTests.swift */,
				28A38D6A22401A64004F6506 /* Info.plist */,
			);
			path = DisneyPinCommunityTests;
			sourceTree = "<group>";
		};
		28A38D7222401A64004F6506 /* DisneyPinCommunityUITests */ = {
			isa = PBXGroup;
			children = (
				28A38D7322401A64004F6506 /* DisneyPinCommunityUITests.swift */,
				28A38D7522401A64004F6506 /* Info.plist */,
			);
			path = DisneyPinCommunityUITests;
			sourceTree = "<group>";
		};
		28A38D8922402EF3004F6506 /* Extensions */ = {
			isa = PBXGroup;
			children = (
				28A38D8122402C94004F6506 /* UIViewControllerExtensions.swift */,
			);
			path = Extensions;
			sourceTree = "<group>";
		};
		28A38D8A22402F03004F6506 /* Model */ = {
			isa = PBXGroup;
			children = (
			);
			path = Model;
			sourceTree = "<group>";
		};
		28A38D8B22402F07004F6506 /* View */ = {
			isa = PBXGroup;
			children = (
			);
			path = View;
			sourceTree = "<group>";
		};
		28A38D8C22402F11004F6506 /* Controller */ = {
			isa = PBXGroup;
			children = (
				28A38D8522402EA1004F6506 /* HomeViewController.swift */,
				28A38D8622402EA1004F6506 /* HomeViewController.xib */,
			);
			path = Controller;
			sourceTree = "<group>";
		};
/* End PBXGroup section */

/* Begin PBXNativeTarget section */
		28A38D4C22401A62004F6506 /* DisneyPinCommunity */ = {
			isa = PBXNativeTarget;
			buildConfigurationList = 28A38D7822401A64004F6506 /* Build configuration list for PBXNativeTarget "DisneyPinCommunity" */;
			buildPhases = (
				28A38D4922401A62004F6506 /* Sources */,
				28A38D4A22401A62004F6506 /* Frameworks */,
				28A38D4B22401A62004F6506 /* Resources */,
			);
			buildRules = (
			);
			dependencies = (
			);
			name = DisneyPinCommunity;
			productName = DisneyPinCommunity;
			productReference = 28A38D4D22401A62004F6506 /* DisneyPinCommunity.app */;
			productType = "com.apple.product-type.application";
		};
		28A38D6322401A64004F6506 /* DisneyPinCommunityTests */ = {
			isa = PBXNativeTarget;
			buildConfigurationList = 28A38D7B22401A64004F6506 /* Build configuration list for PBXNativeTarget "DisneyPinCommunityTests" */;
			buildPhases = (
				28A38D6022401A64004F6506 /* Sources */,
				28A38D6122401A64004F6506 /* Frameworks */,
				28A38D6222401A64004F6506 /* Resources */,
			);
			buildRules = (
			);
			dependencies = (
				28A38D6622401A64004F6506 /* PBXTargetDependency */,
			);
			name = DisneyPinCommunityTests;
			productName = DisneyPinCommunityTests;
			productReference = 28A38D6422401A64004F6506 /* DisneyPinCommunityTests.xctest */;
			productType = "com.apple.product-type.bundle.unit-test";
		};
		28A38D6E22401A64004F6506 /* DisneyPinCommunityUITests */ = {
			isa = PBXNativeTarget;
			buildConfigurationList = 28A38D7E22401A64004F6506 /* Build configuration list for PBXNativeTarget "DisneyPinCommunityUITests" */;
			buildPhases = (
				28A38D6B22401A64004F6506 /* Sources */,
				28A38D6C22401A64004F6506 /* Frameworks */,
				28A38D6D22401A64004F6506 /* Resources */,
			);
			buildRules = (
			);
			dependencies = (
				28A38D7122401A64004F6506 /* PBXTargetDependency */,
			);
			name = DisneyPinCommunityUITests;
			productName = DisneyPinCommunityUITests;
			productReference = 28A38D6F22401A64004F6506 /* DisneyPinCommunityUITests.xctest */;
			productType = "com.apple.product-type.bundle.ui-testing";
		};
/* End PBXNativeTarget section */

/* Begin PBXProject section */
		28A38D4522401A62004F6506 /* Project object */ = {
			isa = PBXProject;
			attributes = {
				LastSwiftUpdateCheck = 1010;
				LastUpgradeCheck = 1010;
				ORGANIZATIONNAME = "Danh Phu Nguyen";
				TargetAttributes = {
					28A38D4C22401A62004F6506 = {
						CreatedOnToolsVersion = 10.1;
					};
					28A38D6322401A64004F6506 = {
						CreatedOnToolsVersion = 10.1;
						TestTargetID = 28A38D4C22401A62004F6506;
					};
					28A38D6E22401A64004F6506 = {
						CreatedOnToolsVersion = 10.1;
						TestTargetID = 28A38D4C22401A62004F6506;
					};
				};
			};
			buildConfigurationList = 28A38D4822401A62004F6506 /* Build configuration list for PBXProject "DisneyPinCommunity" */;
			compatibilityVersion = "Xcode 9.3";
			developmentRegion = en;
			hasScannedForEncodings = 0;
			knownRegions = (
				en,
				Base,
			);
			mainGroup = 28A38D4422401A62004F6506;
			productRefGroup = 28A38D4E22401A62004F6506 /* Products */;
			projectDirPath = "";
			projectRoot = "";
			targets = (
				28A38D4C22401A62004F6506 /* DisneyPinCommunity */,
				28A38D6322401A64004F6506 /* DisneyPinCommunityTests */,
				28A38D6E22401A64004F6506 /* DisneyPinCommunityUITests */,
			);
		};
/* End PBXProject section */

/* Begin PBXResourcesBuildPhase section */
		28A38D4B22401A62004F6506 /* Resources */ = {
			isa = PBXResourcesBuildPhase;
			buildActionMask = 2147483647;
			files = (
				28A38D5E22401A64004F6506 /* LaunchScreen.storyboard in Resources */,
				28A38D5B22401A64004F6506 /* Assets.xcassets in Resources */,
				28A38D8822402EA1004F6506 /* HomeViewController.xib in Resources */,
			);
			runOnlyForDeploymentPostprocessing = 0;
		};
		28A38D6222401A64004F6506 /* Resources */ = {
			isa = PBXResourcesBuildPhase;
			buildActionMask = 2147483647;
			files = (
			);
			runOnlyForDeploymentPostprocessing = 0;
		};
		28A38D6D22401A64004F6506 /* Resources */ = {
			isa = PBXResourcesBuildPhase;
			buildActionMask = 2147483647;
			files = (
			);
			runOnlyForDeploymentPostprocessing = 0;
		};
/* End PBXResourcesBuildPhase section */

/* Begin PBXSourcesBuildPhase section */
		28A38D4922401A62004F6506 /* Sources */ = {
			isa = PBXSourcesBuildPhase;
			buildActionMask = 2147483647;
			files = (
				28A38D8222402C94004F6506 /* UIViewControllerExtensions.swift in Sources */,
				28A38D5122401A62004F6506 /* AppDelegate.swift in Sources */,
				28A38D5922401A62004F6506 /* DisneyPinCommunity.xcdatamodeld in Sources */,
				28A38D8722402EA1004F6506 /* HomeViewController.swift in Sources */,
			);
			runOnlyForDeploymentPostprocessing = 0;
		};
		28A38D6022401A64004F6506 /* Sources */ = {
			isa = PBXSourcesBuildPhase;
			buildActionMask = 2147483647;
			files = (
				28A38D6922401A64004F6506 /* DisneyPinCommunityTests.swift in Sources */,
			);
			runOnlyForDeploymentPostprocessing = 0;
		};
		28A38D6B22401A64004F6506 /* Sources */ = {
			isa = PBXSourcesBuildPhase;
			buildActionMask = 2147483647;
			files = (
				28A38D7422401A64004F6506 /* DisneyPinCommunityUITests.swift in Sources */,
			);
			runOnlyForDeploymentPostprocessing = 0;
		};
/* End PBXSourcesBuildPhase section */

/* Begin PBXTargetDependency section */
		28A38D6622401A64004F6506 /* PBXTargetDependency */ = {
			isa = PBXTargetDependency;
			target = 28A38D4C22401A62004F6506 /* DisneyPinCommunity */;
			targetProxy = 28A38D6522401A64004F6506 /* PBXContainerItemProxy */;
		};
		28A38D7122401A64004F6506 /* PBXTargetDependency */ = {
			isa = PBXTargetDependency;
			target = 28A38D4C22401A62004F6506 /* DisneyPinCommunity */;
			targetProxy = 28A38D7022401A64004F6506 /* PBXContainerItemProxy */;
		};
/* End PBXTargetDependency section */

/* Begin PBXVariantGroup section */
		28A38D5C22401A64004F6506 /* LaunchScreen.storyboard */ = {
			isa = PBXVariantGroup;
			children = (
				28A38D5D22401A64004F6506 /* Base */,
			);
			name = LaunchScreen.storyboard;
			sourceTree = "<group>";
		};
/* End PBXVariantGroup section */

/* Begin XCBuildConfiguration section */
		28A38D7622401A64004F6506 /* Debug */ = {
			isa = XCBuildConfiguration;
			buildSettings = {
				ALWAYS_SEARCH_USER_PATHS = NO;
				CLANG_ANALYZER_NONNULL = YES;
				CLANG_ANALYZER_NUMBER_OBJECT_CONVERSION = YES_AGGRESSIVE;
				CLANG_CXX_LANGUAGE_STANDARD = "gnu++14";
				CLANG_CXX_LIBRARY = "libc++";
				CLANG_ENABLE_MODULES = YES;
				CLANG_ENABLE_OBJC_ARC = YES;
				CLANG_ENABLE_OBJC_WEAK = YES;
				CLANG_WARN_BLOCK_CAPTURE_AUTORELEASING = YES;
				CLANG_WARN_BOOL_CONVERSION = YES;
				CLANG_WARN_COMMA = YES;
				CLANG_WARN_CONSTANT_CONVERSION = YES;
				CLANG_WARN_DEPRECATED_OBJC_IMPLEMENTATIONS = YES;
				CLANG_WARN_DIRECT_OBJC_ISA_USAGE = YES_ERROR;
				CLANG_WARN_DOCUMENTATION_COMMENTS = YES;
				CLANG_WARN_EMPTY_BODY = YES;
				CLANG_WARN_ENUM_CONVERSION = YES;
				CLANG_WARN_INFINITE_RECURSION = YES;
				CLANG_WARN_INT_CONVERSION = YES;
				CLANG_WARN_NON_LITERAL_NULL_CONVERSION = YES;
				CLANG_WARN_OBJC_IMPLICIT_RETAIN_SELF = YES;
				CLANG_WARN_OBJC_LITERAL_CONVERSION = YES;
				CLANG_WARN_OBJC_ROOT_CLASS = YES_ERROR;
				CLANG_WARN_RANGE_LOOP_ANALYSIS = YES;
				CLANG_WARN_STRICT_PROTOTYPES = YES;
				CLANG_WARN_SUSPICIOUS_MOVE = YES;
				CLANG_WARN_UNGUARDED_AVAILABILITY = YES_AGGRESSIVE;
				CLANG_WARN_UNREACHABLE_CODE = YES;
				CLANG_WARN__DUPLICATE_METHOD_MATCH = YES;
				CODE_SIGN_IDENTITY = "iPhone Developer";
				COPY_PHASE_STRIP = NO;
				DEBUG_INFORMATION_FORMAT = dwarf;
				ENABLE_STRICT_OBJC_MSGSEND = YES;
				ENABLE_TESTABILITY = YES;
				GCC_C_LANGUAGE_STANDARD = gnu11;
				GCC_DYNAMIC_NO_PIC = NO;
				GCC_NO_COMMON_BLOCKS = YES;
				GCC_OPTIMIZATION_LEVEL = 0;
				GCC_PREPROCESSOR_DEFINITIONS = (
					"DEBUG=1",
					"$(inherited)",
				);
				GCC_WARN_64_TO_32_BIT_CONVERSION = YES;
				GCC_WARN_ABOUT_RETURN_TYPE = YES_ERROR;
				GCC_WARN_UNDECLARED_SELECTOR = YES;
				GCC_WARN_UNINITIALIZED_AUTOS = YES_AGGRESSIVE;
				GCC_WARN_UNUSED_FUNCTION = YES;
				GCC_WARN_UNUSED_VARIABLE = YES;
				IPHONEOS_DEPLOYMENT_TARGET = 12.1;
				MTL_ENABLE_DEBUG_INFO = INCLUDE_SOURCE;
				MTL_FAST_MATH = YES;
				ONLY_ACTIVE_ARCH = YES;
				SDKROOT = iphoneos;
				SWIFT_ACTIVE_COMPILATION_CONDITIONS = DEBUG;
				SWIFT_OPTIMIZATION_LEVEL = "-Onone";
			};
			name = Debug;
		};
		28A38D7722401A64004F6506 /* Release */ = {
			isa = XCBuildConfiguration;
			buildSettings = {
				ALWAYS_SEARCH_USER_PATHS = NO;
				CLANG_ANALYZER_NONNULL = YES;
				CLANG_ANALYZER_NUMBER_OBJECT_CONVERSION = YES_AGGRESSIVE;
				CLANG_CXX_LANGUAGE_STANDARD = "gnu++14";
				CLANG_CXX_LIBRARY = "libc++";
				CLANG_ENABLE_MODULES = YES;
				CLANG_ENABLE_OBJC_ARC = YES;
				CLANG_ENABLE_OBJC_WEAK = YES;
				CLANG_WARN_BLOCK_CAPTURE_AUTORELEASING = YES;
				CLANG_WARN_BOOL_CONVERSION = YES;
				CLANG_WARN_COMMA = YES;
				CLANG_WARN_CONSTANT_CONVERSION = YES;
				CLANG_WARN_DEPRECATED_OBJC_IMPLEMENTATIONS = YES;
				CLANG_WARN_DIRECT_OBJC_ISA_USAGE = YES_ERROR;
				CLANG_WARN_DOCUMENTATION_COMMENTS = YES;
				CLANG_WARN_EMPTY_BODY = YES;
				CLANG_WARN_ENUM_CONVERSION = YES;
				CLANG_WARN_INFINITE_RECURSION = YES;
				CLANG_WARN_INT_CONVERSION = YES;
				CLANG_WARN_NON_LITERAL_NULL_CONVERSION = YES;
				CLANG_WARN_OBJC_IMPLICIT_RETAIN_SELF = YES;
				CLANG_WARN_OBJC_LITERAL_CONVERSION = YES;
				CLANG_WARN_OBJC_ROOT_CLASS = YES_ERROR;
				CLANG_WARN_RANGE_LOOP_ANALYSIS = YES;
				CLANG_WARN_STRICT_PROTOTYPES = YES;
				CLANG_WARN_SUSPICIOUS_MOVE = YES;
				CLANG_WARN_UNGUARDED_AVAILABILITY = YES_AGGRESSIVE;
				CLANG_WARN_UNREACHABLE_CODE = YES;
				CLANG_WARN__DUPLICATE_METHOD_MATCH = YES;
				CODE_SIGN_IDENTITY = "iPhone Developer";
				COPY_PHASE_STRIP = NO;
				DEBUG_INFORMATION_FORMAT = "dwarf-with-dsym";
				ENABLE_NS_ASSERTIONS = NO;
				ENABLE_STRICT_OBJC_MSGSEND = YES;
				GCC_C_LANGUAGE_STANDARD = gnu11;
				GCC_NO_COMMON_BLOCKS = YES;
				GCC_WARN_64_TO_32_BIT_CONVERSION = YES;
				GCC_WARN_ABOUT_RETURN_TYPE = YES_ERROR;
				GCC_WARN_UNDECLARED_SELECTOR = YES;
				GCC_WARN_UNINITIALIZED_AUTOS = YES_AGGRESSIVE;
				GCC_WARN_UNUSED_FUNCTION = YES;
				GCC_WARN_UNUSED_VARIABLE = YES;
				IPHONEOS_DEPLOYMENT_TARGET = 12.1;
				MTL_ENABLE_DEBUG_INFO = NO;
				MTL_FAST_MATH = YES;
				SDKROOT = iphoneos;
				SWIFT_COMPILATION_MODE = wholemodule;
				SWIFT_OPTIMIZATION_LEVEL = "-O";
				VALIDATE_PRODUCT = YES;
			};
			name = Release;
		};
		28A38D7922401A64004F6506 /* Debug */ = {
			isa = XCBuildConfiguration;
			buildSettings = {
				ASSETCATALOG_COMPILER_APPICON_NAME = AppIcon;
				CODE_SIGN_STYLE = Automatic;
				DEVELOPMENT_TEAM = FBPU586293;
				INFOPLIST_FILE = DisneyPinCommunity/Info.plist;
				LD_RUNPATH_SEARCH_PATHS = (
					"$(inherited)",
					"@executable_path/Frameworks",
				);
				PRODUCT_BUNDLE_IDENTIFIER = com.RyanNguyen.DisneyPinCommunity;
				PRODUCT_NAME = "$(TARGET_NAME)";
				SWIFT_VERSION = 4.2;
				TARGETED_DEVICE_FAMILY = "1,2";
			};
			name = Debug;
		};
		28A38D7A22401A64004F6506 /* Release */ = {
			isa = XCBuildConfiguration;
			buildSettings = {
				ASSETCATALOG_COMPILER_APPICON_NAME = AppIcon;
				CODE_SIGN_STYLE = Automatic;
				DEVELOPMENT_TEAM = FBPU586293;
				INFOPLIST_FILE = DisneyPinCommunity/Info.plist;
				LD_RUNPATH_SEARCH_PATHS = (
					"$(inherited)",
					"@executable_path/Frameworks",
				);
				PRODUCT_BUNDLE_IDENTIFIER = com.RyanNguyen.DisneyPinCommunity;
				PRODUCT_NAME = "$(TARGET_NAME)";
				SWIFT_VERSION = 4.2;
				TARGETED_DEVICE_FAMILY = "1,2";
			};
			name = Release;
		};
		28A38D7C22401A64004F6506 /* Debug */ = {
			isa = XCBuildConfiguration;
			buildSettings = {
				ALWAYS_EMBED_SWIFT_STANDARD_LIBRARIES = YES;
				BUNDLE_LOADER = "$(TEST_HOST)";
				CODE_SIGN_STYLE = Automatic;
				DEVELOPMENT_TEAM = FBPU586293;
				INFOPLIST_FILE = DisneyPinCommunityTests/Info.plist;
				LD_RUNPATH_SEARCH_PATHS = (
					"$(inherited)",
					"@executable_path/Frameworks",
					"@loader_path/Frameworks",
				);
				PRODUCT_BUNDLE_IDENTIFIER = com.RyanNguyen.DisneyPinCommunityTests;
				PRODUCT_NAME = "$(TARGET_NAME)";
				SWIFT_VERSION = 4.2;
				TARGETED_DEVICE_FAMILY = "1,2";
				TEST_HOST = "$(BUILT_PRODUCTS_DIR)/DisneyPinCommunity.app/DisneyPinCommunity";
			};
			name = Debug;
		};
		28A38D7D22401A64004F6506 /* Release */ = {
			isa = XCBuildConfiguration;
			buildSettings = {
				ALWAYS_EMBED_SWIFT_STANDARD_LIBRARIES = YES;
				BUNDLE_LOADER = "$(TEST_HOST)";
				CODE_SIGN_STYLE = Automatic;
				DEVELOPMENT_TEAM = FBPU586293;
				INFOPLIST_FILE = DisneyPinCommunityTests/Info.plist;
				LD_RUNPATH_SEARCH_PATHS = (
					"$(inherited)",
					"@executable_path/Frameworks",
					"@loader_path/Frameworks",
				);
				PRODUCT_BUNDLE_IDENTIFIER = com.RyanNguyen.DisneyPinCommunityTests;
				PRODUCT_NAME = "$(TARGET_NAME)";
				SWIFT_VERSION = 4.2;
				TARGETED_DEVICE_FAMILY = "1,2";
				TEST_HOST = "$(BUILT_PRODUCTS_DIR)/DisneyPinCommunity.app/DisneyPinCommunity";
			};
			name = Release;
		};
		28A38D7F22401A64004F6506 /* Debug */ = {
			isa = XCBuildConfiguration;
			buildSettings = {
				ALWAYS_EMBED_SWIFT_STANDARD_LIBRARIES = YES;
				CODE_SIGN_STYLE = Automatic;
				DEVELOPMENT_TEAM = FBPU586293;
				INFOPLIST_FILE = DisneyPinCommunityUITests/Info.plist;
				LD_RUNPATH_SEARCH_PATHS = (
					"$(inherited)",
					"@executable_path/Frameworks",
					"@loader_path/Frameworks",
				);
				PRODUCT_BUNDLE_IDENTIFIER = com.RyanNguyen.DisneyPinCommunityUITests;
				PRODUCT_NAME = "$(TARGET_NAME)";
				SWIFT_VERSION = 4.2;
				TARGETED_DEVICE_FAMILY = "1,2";
				TEST_TARGET_NAME = DisneyPinCommunity;
			};
			name = Debug;
		};
		28A38D8022401A64004F6506 /* Release */ = {
			isa = XCBuildConfiguration;
			buildSettings = {
				ALWAYS_EMBED_SWIFT_STANDARD_LIBRARIES = YES;
				CODE_SIGN_STYLE = Automatic;
				DEVELOPMENT_TEAM = FBPU586293;
				INFOPLIST_FILE = DisneyPinCommunityUITests/Info.plist;
				LD_RUNPATH_SEARCH_PATHS = (
					"$(inherited)",
					"@executable_path/Frameworks",
					"@loader_path/Frameworks",
				);
				PRODUCT_BUNDLE_IDENTIFIER = com.RyanNguyen.DisneyPinCommunityUITests;
				PRODUCT_NAME = "$(TARGET_NAME)";
				SWIFT_VERSION = 4.2;
				TARGETED_DEVICE_FAMILY = "1,2";
				TEST_TARGET_NAME = DisneyPinCommunity;
			};
			name = Release;
		};
/* End XCBuildConfiguration section */

/* Begin XCConfigurationList section */
		28A38D4822401A62004F6506 /* Build configuration list for PBXProject "DisneyPinCommunity" */ = {
			isa = XCConfigurationList;
			buildConfigurations = (
				28A38D7622401A64004F6506 /* Debug */,
				28A38D7722401A64004F6506 /* Release */,
			);
			defaultConfigurationIsVisible = 0;
			defaultConfigurationName = Release;
		};
		28A38D7822401A64004F6506 /* Build configuration list for PBXNativeTarget "DisneyPinCommunity" */ = {
			isa = XCConfigurationList;
			buildConfigurations = (
				28A38D7922401A64004F6506 /* Debug */,
				28A38D7A22401A64004F6506 /* Release */,
			);
			defaultConfigurationIsVisible = 0;
			defaultConfigurationName = Release;
		};
		28A38D7B22401A64004F6506 /* Build configuration list for PBXNativeTarget "DisneyPinCommunityTests" */ = {
			isa = XCConfigurationList;
			buildConfigurations = (
				28A38D7C22401A64004F6506 /* Debug */,
				28A38D7D22401A64004F6506 /* Release */,
			);
			defaultConfigurationIsVisible = 0;
			defaultConfigurationName = Release;
		};
		28A38D7E22401A64004F6506 /* Build configuration list for PBXNativeTarget "DisneyPinCommunityUITests" */ = {
			isa = XCConfigurationList;
			buildConfigurations = (
				28A38D7F22401A64004F6506 /* Debug */,
				28A38D8022401A64004F6506 /* Release */,
			);
			defaultConfigurationIsVisible = 0;
			defaultConfigurationName = Release;
		};
/* End XCConfigurationList section */

/* Begin XCVersionGroup section */
		28A38D5722401A62004F6506 /* DisneyPinCommunity.xcdatamodeld */ = {
			isa = XCVersionGroup;
			children = (
				28A38D5822401A62004F6506 /* DisneyPinCommunity.xcdatamodel */,
			);
			currentVersion = 28A38D5822401A62004F6506 /* DisneyPinCommunity.xcdatamodel */;
			path = DisneyPinCommunity.xcdatamodeld;
			sourceTree = "<group>";
			versionGroupType = wrapper.xcdatamodel;
		};
/* End XCVersionGroup section */
	};
	rootObject = 28A38D4522401A62004F6506 /* Project object */;
}
